// !$*UTF8*$!
{
	archiveVersion = 1;
	classes = {
	};
	objectVersion = 56;
	objects = {

/* Begin PBXBuildFile section */
		DE3C67262B02CBDF006317BA /* PaymentScreen.storyboard in Resources */ = {isa = PBXBuildFile; fileRef = DE3C67252B02CBDF006317BA /* PaymentScreen.storyboard */; };
		DE3C67282B02CCF4006317BA /* PaymentViewController.swift in Sources */ = {isa = PBXBuildFile; fileRef = DE3C67272B02CCF3006317BA /* PaymentViewController.swift */; };
		DE3C672A2B02CD43006317BA /* RoomDetails.storyboard in Resources */ = {isa = PBXBuildFile; fileRef = DE3C67292B02CD43006317BA /* RoomDetails.storyboard */; };
		DE3C672C2B02CD52006317BA /* RoomDetailsViewController.swift in Sources */ = {isa = PBXBuildFile; fileRef = DE3C672B2B02CD52006317BA /* RoomDetailsViewController.swift */; };
		DE3C672E2B02CD6F006317BA /* PassengerDetails.storyboard in Resources */ = {isa = PBXBuildFile; fileRef = DE3C672D2B02CD6F006317BA /* PassengerDetails.storyboard */; };
		DE3C67302B02CD92006317BA /* PassengerDetailsViewController.swift in Sources */ = {isa = PBXBuildFile; fileRef = DE3C672F2B02CD92006317BA /* PassengerDetailsViewController.swift */; };
		DE3C67332B02EB38006317BA /* Main.storyboard in Resources */ = {isa = PBXBuildFile; fileRef = DE3C67312B02EB38006317BA /* Main.storyboard */; };
		DEACA93F2AF02F0700EC7CEE /* AppDelegate.swift in Sources */ = {isa = PBXBuildFile; fileRef = DEACA93E2AF02F0700EC7CEE /* AppDelegate.swift */; };
		DEACA9412AF02F0700EC7CEE /* SceneDelegate.swift in Sources */ = {isa = PBXBuildFile; fileRef = DEACA9402AF02F0700EC7CEE /* SceneDelegate.swift */; };
		DEACA9432AF02F0700EC7CEE /* HomeViewController.swift in Sources */ = {isa = PBXBuildFile; fileRef = DEACA9422AF02F0700EC7CEE /* HomeViewController.swift */; };
		DEACA9482AF02F0A00EC7CEE /* Assets.xcassets in Resources */ = {isa = PBXBuildFile; fileRef = DEACA9472AF02F0A00EC7CEE /* Assets.xcassets */; };
		DEACA94B2AF02F0A00EC7CEE /* LaunchScreen.storyboard in Resources */ = {isa = PBXBuildFile; fileRef = DEACA9492AF02F0A00EC7CEE /* LaunchScreen.storyboard */; };
		DEACA9562AF02F0B00EC7CEE /* Team9_MAPD714_Project_Milestone2Tests.swift in Sources */ = {isa = PBXBuildFile; fileRef = DEACA9552AF02F0B00EC7CEE /* Team9_MAPD714_Project_Milestone2Tests.swift */; };
		DEACA9602AF02F0B00EC7CEE /* Team9_MAPD714_Project_Milestone2UITests.swift in Sources */ = {isa = PBXBuildFile; fileRef = DEACA95F2AF02F0B00EC7CEE /* Team9_MAPD714_Project_Milestone2UITests.swift */; };
		DEACA9622AF02F0B00EC7CEE /* Team9_MAPD714_Project_Milestone2UITestsLaunchTests.swift in Sources */ = {isa = PBXBuildFile; fileRef = DEACA9612AF02F0B00EC7CEE /* Team9_MAPD714_Project_Milestone2UITestsLaunchTests.swift */; };
		DEACA96F2AF053B200EC7CEE /* LoginViewController.swift in Sources */ = {isa = PBXBuildFile; fileRef = DEACA96E2AF053B200EC7CEE /* LoginViewController.swift */; };
		DEB8919A2AF0617A00A3DD0C /* RegisterViewController.swift in Sources */ = {isa = PBXBuildFile; fileRef = DEB891992AF0617A00A3DD0C /* RegisterViewController.swift */; };
		DEB8919C2AF0695C00A3DD0C /* CruiseListViewController.swift in Sources */ = {isa = PBXBuildFile; fileRef = DEB8919B2AF0695C00A3DD0C /* CruiseListViewController.swift */; };
		DEB891A22AF09BFD00A3DD0C /* CruiseDetailsViewController.swift in Sources */ = {isa = PBXBuildFile; fileRef = DEB891A12AF09BFD00A3DD0C /* CruiseDetailsViewController.swift */; };
/* End PBXBuildFile section */

/* Begin PBXContainerItemProxy section */
		DEACA9522AF02F0B00EC7CEE /* PBXContainerItemProxy */ = {
			isa = PBXContainerItemProxy;
			containerPortal = DEACA9332AF02F0700EC7CEE /* Project object */;
			proxyType = 1;
			remoteGlobalIDString = DEACA93A2AF02F0700EC7CEE;
			remoteInfo = "Team9_MAPD714_Project-Milestone2";
		};
		DEACA95C2AF02F0B00EC7CEE /* PBXContainerItemProxy */ = {
			isa = PBXContainerItemProxy;
			containerPortal = DEACA9332AF02F0700EC7CEE /* Project object */;
			proxyType = 1;
			remoteGlobalIDString = DEACA93A2AF02F0700EC7CEE;
			remoteInfo = "Team9_MAPD714_Project-Milestone2";
		};
/* End PBXContainerItemProxy section */

/* Begin PBXFileReference section */
		DE3C67252B02CBDF006317BA /* PaymentScreen.storyboard */ = {isa = PBXFileReference; lastKnownFileType = file.storyboard; path = PaymentScreen.storyboard; sourceTree = "<group>"; };
		DE3C67272B02CCF3006317BA /* PaymentViewController.swift */ = {isa = PBXFileReference; lastKnownFileType = sourcecode.swift; path = PaymentViewController.swift; sourceTree = "<group>"; };
		DE3C67292B02CD43006317BA /* RoomDetails.storyboard */ = {isa = PBXFileReference; lastKnownFileType = file.storyboard; path = RoomDetails.storyboard; sourceTree = "<group>"; };
		DE3C672B2B02CD52006317BA /* RoomDetailsViewController.swift */ = {isa = PBXFileReference; lastKnownFileType = sourcecode.swift; path = RoomDetailsViewController.swift; sourceTree = "<group>"; };
		DE3C672D2B02CD6F006317BA /* PassengerDetails.storyboard */ = {isa = PBXFileReference; lastKnownFileType = file.storyboard; path = PassengerDetails.storyboard; sourceTree = "<group>"; };
		DE3C672F2B02CD92006317BA /* PassengerDetailsViewController.swift */ = {isa = PBXFileReference; lastKnownFileType = sourcecode.swift; path = PassengerDetailsViewController.swift; sourceTree = "<group>"; };
		DE3C67322B02EB38006317BA /* Base */ = {isa = PBXFileReference; lastKnownFileType = file.storyboard; name = Base; path = Base.lproj/Main.storyboard; sourceTree = "<group>"; };
		DEACA93B2AF02F0700EC7CEE /* Team9_MAPD714_Project-Milestone2.app */ = {isa = PBXFileReference; explicitFileType = wrapper.application; includeInIndex = 0; path = "Team9_MAPD714_Project-Milestone2.app"; sourceTree = BUILT_PRODUCTS_DIR; };
		DEACA93E2AF02F0700EC7CEE /* AppDelegate.swift */ = {isa = PBXFileReference; lastKnownFileType = sourcecode.swift; path = AppDelegate.swift; sourceTree = "<group>"; };
		DEACA9402AF02F0700EC7CEE /* SceneDelegate.swift */ = {isa = PBXFileReference; lastKnownFileType = sourcecode.swift; path = SceneDelegate.swift; sourceTree = "<group>"; };
		DEACA9422AF02F0700EC7CEE /* HomeViewController.swift */ = {isa = PBXFileReference; lastKnownFileType = sourcecode.swift; path = HomeViewController.swift; sourceTree = "<group>"; };
		DEACA9472AF02F0A00EC7CEE /* Assets.xcassets */ = {isa = PBXFileReference; lastKnownFileType = folder.assetcatalog; path = Assets.xcassets; sourceTree = "<group>"; };
		DEACA94A2AF02F0A00EC7CEE /* Base */ = {isa = PBXFileReference; lastKnownFileType = file.storyboard; name = Base; path = Base.lproj/LaunchScreen.storyboard; sourceTree = "<group>"; };
		DEACA94C2AF02F0A00EC7CEE /* Info.plist */ = {isa = PBXFileReference; lastKnownFileType = text.plist.xml; path = Info.plist; sourceTree = "<group>"; };
		DEACA9512AF02F0B00EC7CEE /* Team9_MAPD714_Project-Milestone2Tests.xctest */ = {isa = PBXFileReference; explicitFileType = wrapper.cfbundle; includeInIndex = 0; path = "Team9_MAPD714_Project-Milestone2Tests.xctest"; sourceTree = BUILT_PRODUCTS_DIR; };
		DEACA9552AF02F0B00EC7CEE /* Team9_MAPD714_Project_Milestone2Tests.swift */ = {isa = PBXFileReference; lastKnownFileType = sourcecode.swift; path = Team9_MAPD714_Project_Milestone2Tests.swift; sourceTree = "<group>"; };
		DEACA95B2AF02F0B00EC7CEE /* Team9_MAPD714_Project-Milestone2UITests.xctest */ = {isa = PBXFileReference; explicitFileType = wrapper.cfbundle; includeInIndex = 0; path = "Team9_MAPD714_Project-Milestone2UITests.xctest"; sourceTree = BUILT_PRODUCTS_DIR; };
		DEACA95F2AF02F0B00EC7CEE /* Team9_MAPD714_Project_Milestone2UITests.swift */ = {isa = PBXFileReference; lastKnownFileType = sourcecode.swift; path = Team9_MAPD714_Project_Milestone2UITests.swift; sourceTree = "<group>"; };
		DEACA9612AF02F0B00EC7CEE /* Team9_MAPD714_Project_Milestone2UITestsLaunchTests.swift */ = {isa = PBXFileReference; lastKnownFileType = sourcecode.swift; path = Team9_MAPD714_Project_Milestone2UITestsLaunchTests.swift; sourceTree = "<group>"; };
		DEACA96E2AF053B200EC7CEE /* LoginViewController.swift */ = {isa = PBXFileReference; lastKnownFileType = sourcecode.swift; path = LoginViewController.swift; sourceTree = "<group>"; };
		DEB891992AF0617A00A3DD0C /* RegisterViewController.swift */ = {isa = PBXFileReference; lastKnownFileType = sourcecode.swift; path = RegisterViewController.swift; sourceTree = "<group>"; };
		DEB8919B2AF0695C00A3DD0C /* CruiseListViewController.swift */ = {isa = PBXFileReference; lastKnownFileType = sourcecode.swift; path = CruiseListViewController.swift; sourceTree = "<group>"; };
		DEB891A12AF09BFD00A3DD0C /* CruiseDetailsViewController.swift */ = {isa = PBXFileReference; lastKnownFileType = sourcecode.swift; path = CruiseDetailsViewController.swift; sourceTree = "<group>"; };
/* End PBXFileReference section */

/* Begin PBXFrameworksBuildPhase section */
		DEACA9382AF02F0700EC7CEE /* Frameworks */ = {
			isa = PBXFrameworksBuildPhase;
			buildActionMask = 2147483647;
			files = (
			);
			runOnlyForDeploymentPostprocessing = 0;
		};
		DEACA94E2AF02F0B00EC7CEE /* Frameworks */ = {
			isa = PBXFrameworksBuildPhase;
			buildActionMask = 2147483647;
			files = (
			);
			runOnlyForDeploymentPostprocessing = 0;
		};
		DEACA9582AF02F0B00EC7CEE /* Frameworks */ = {
			isa = PBXFrameworksBuildPhase;
			buildActionMask = 2147483647;
			files = (
			);
			runOnlyForDeploymentPostprocessing = 0;
		};
/* End PBXFrameworksBuildPhase section */

/* Begin PBXGroup section */
		DEACA9322AF02F0700EC7CEE = {
			isa = PBXGroup;
			children = (
				DEACA93D2AF02F0700EC7CEE /* Team9_MAPD714_Project-Milestone2 */,
				DEACA9542AF02F0B00EC7CEE /* Team9_MAPD714_Project-Milestone2Tests */,
				DEACA95E2AF02F0B00EC7CEE /* Team9_MAPD714_Project-Milestone2UITests */,
				DEACA93C2AF02F0700EC7CEE /* Products */,
			);
			sourceTree = "<group>";
		};
		DEACA93C2AF02F0700EC7CEE /* Products */ = {
			isa = PBXGroup;
			children = (
				DEACA93B2AF02F0700EC7CEE /* Team9_MAPD714_Project-Milestone2.app */,
				DEACA9512AF02F0B00EC7CEE /* Team9_MAPD714_Project-Milestone2Tests.xctest */,
				DEACA95B2AF02F0B00EC7CEE /* Team9_MAPD714_Project-Milestone2UITests.xctest */,
			);
			name = Products;
			sourceTree = "<group>";
		};
		DEACA93D2AF02F0700EC7CEE /* Team9_MAPD714_Project-Milestone2 */ = {
			isa = PBXGroup;
			children = (
				DEACA93E2AF02F0700EC7CEE /* AppDelegate.swift */,
				DEACA9402AF02F0700EC7CEE /* SceneDelegate.swift */,
				DEACA9422AF02F0700EC7CEE /* HomeViewController.swift */,
				DE3C67252B02CBDF006317BA /* PaymentScreen.storyboard */,
				DE3C67272B02CCF3006317BA /* PaymentViewController.swift */,
				DE3C67292B02CD43006317BA /* RoomDetails.storyboard */,
				DE3C672D2B02CD6F006317BA /* PassengerDetails.storyboard */,
				DE3C672F2B02CD92006317BA /* PassengerDetailsViewController.swift */,
				DE3C67312B02EB38006317BA /* Main.storyboard */,
				DE3C672B2B02CD52006317BA /* RoomDetailsViewController.swift */,
				DEB891A12AF09BFD00A3DD0C /* CruiseDetailsViewController.swift */,
				DEB8919B2AF0695C00A3DD0C /* CruiseListViewController.swift */,
				DEB891992AF0617A00A3DD0C /* RegisterViewController.swift */,
				DEACA9472AF02F0A00EC7CEE /* Assets.xcassets */,
				DEACA9492AF02F0A00EC7CEE /* LaunchScreen.storyboard */,
				DEACA94C2AF02F0A00EC7CEE /* Info.plist */,
				DEACA96E2AF053B200EC7CEE /* LoginViewController.swift */,
			);
			path = "Team9_MAPD714_Project-Milestone2";
			sourceTree = "<group>";
		};
		DEACA9542AF02F0B00EC7CEE /* Team9_MAPD714_Project-Milestone2Tests */ = {
			isa = PBXGroup;
			children = (
				DEACA9552AF02F0B00EC7CEE /* Team9_MAPD714_Project_Milestone2Tests.swift */,
			);
			path = "Team9_MAPD714_Project-Milestone2Tests";
			sourceTree = "<group>";
		};
		DEACA95E2AF02F0B00EC7CEE /* Team9_MAPD714_Project-Milestone2UITests */ = {
			isa = PBXGroup;
			children = (
				DEACA95F2AF02F0B00EC7CEE /* Team9_MAPD714_Project_Milestone2UITests.swift */,
				DEACA9612AF02F0B00EC7CEE /* Team9_MAPD714_Project_Milestone2UITestsLaunchTests.swift */,
			);
			path = "Team9_MAPD714_Project-Milestone2UITests";
			sourceTree = "<group>";
		};
/* End PBXGroup section */

/* Begin PBXNativeTarget section */
		DEACA93A2AF02F0700EC7CEE /* Team9_MAPD714_Project-Milestone2 */ = {
			isa = PBXNativeTarget;
			buildConfigurationList = DEACA9652AF02F0B00EC7CEE /* Build configuration list for PBXNativeTarget "Team9_MAPD714_Project-Milestone2" */;
			buildPhases = (
				DEACA9372AF02F0700EC7CEE /* Sources */,
				DEACA9382AF02F0700EC7CEE /* Frameworks */,
				DEACA9392AF02F0700EC7CEE /* Resources */,
			);
			buildRules = (
			);
			dependencies = (
			);
			name = "Team9_MAPD714_Project-Milestone2";
			productName = "Team9_MAPD714_Project-Milestone2";
			productReference = DEACA93B2AF02F0700EC7CEE /* Team9_MAPD714_Project-Milestone2.app */;
			productType = "com.apple.product-type.application";
		};
		DEACA9502AF02F0B00EC7CEE /* Team9_MAPD714_Project-Milestone2Tests */ = {
			isa = PBXNativeTarget;
			buildConfigurationList = DEACA9682AF02F0B00EC7CEE /* Build configuration list for PBXNativeTarget "Team9_MAPD714_Project-Milestone2Tests" */;
			buildPhases = (
				DEACA94D2AF02F0B00EC7CEE /* Sources */,
				DEACA94E2AF02F0B00EC7CEE /* Frameworks */,
				DEACA94F2AF02F0B00EC7CEE /* Resources */,
			);
			buildRules = (
			);
			dependencies = (
				DEACA9532AF02F0B00EC7CEE /* PBXTargetDependency */,
			);
			name = "Team9_MAPD714_Project-Milestone2Tests";
			productName = "Team9_MAPD714_Project-Milestone2Tests";
			productReference = DEACA9512AF02F0B00EC7CEE /* Team9_MAPD714_Project-Milestone2Tests.xctest */;
			productType = "com.apple.product-type.bundle.unit-test";
		};
		DEACA95A2AF02F0B00EC7CEE /* Team9_MAPD714_Project-Milestone2UITests */ = {
			isa = PBXNativeTarget;
			buildConfigurationList = DEACA96B2AF02F0B00EC7CEE /* Build configuration list for PBXNativeTarget "Team9_MAPD714_Project-Milestone2UITests" */;
			buildPhases = (
				DEACA9572AF02F0B00EC7CEE /* Sources */,
				DEACA9582AF02F0B00EC7CEE /* Frameworks */,
				DEACA9592AF02F0B00EC7CEE /* Resources */,
			);
			buildRules = (
			);
			dependencies = (
				DEACA95D2AF02F0B00EC7CEE /* PBXTargetDependency */,
			);
			name = "Team9_MAPD714_Project-Milestone2UITests";
			productName = "Team9_MAPD714_Project-Milestone2UITests";
			productReference = DEACA95B2AF02F0B00EC7CEE /* Team9_MAPD714_Project-Milestone2UITests.xctest */;
			productType = "com.apple.product-type.bundle.ui-testing";
		};
/* End PBXNativeTarget section */

/* Begin PBXProject section */
		DEACA9332AF02F0700EC7CEE /* Project object */ = {
			isa = PBXProject;
			attributes = {
				BuildIndependentTargetsInParallel = 1;
				LastSwiftUpdateCheck = 1500;
				LastUpgradeCheck = 1500;
				TargetAttributes = {
					DEACA93A2AF02F0700EC7CEE = {
						CreatedOnToolsVersion = 15.0;
					};
					DEACA9502AF02F0B00EC7CEE = {
						CreatedOnToolsVersion = 15.0;
						TestTargetID = DEACA93A2AF02F0700EC7CEE;
					};
					DEACA95A2AF02F0B00EC7CEE = {
						CreatedOnToolsVersion = 15.0;
						TestTargetID = DEACA93A2AF02F0700EC7CEE;
					};
				};
			};
			buildConfigurationList = DEACA9362AF02F0700EC7CEE /* Build configuration list for PBXProject "Team9_MAPD714_Project-Milestone2" */;
			compatibilityVersion = "Xcode 14.0";
			developmentRegion = en;
			hasScannedForEncodings = 0;
			knownRegions = (
				en,
				Base,
			);
			mainGroup = DEACA9322AF02F0700EC7CEE;
			productRefGroup = DEACA93C2AF02F0700EC7CEE /* Products */;
			projectDirPath = "";
			projectRoot = "";
			targets = (
				DEACA93A2AF02F0700EC7CEE /* Team9_MAPD714_Project-Milestone2 */,
				DEACA9502AF02F0B00EC7CEE /* Team9_MAPD714_Project-Milestone2Tests */,
				DEACA95A2AF02F0B00EC7CEE /* Team9_MAPD714_Project-Milestone2UITests */,
			);
		};
/* End PBXProject section */

/* Begin PBXResourcesBuildPhase section */
		DEACA9392AF02F0700EC7CEE /* Resources */ = {
			isa = PBXResourcesBuildPhase;
			buildActionMask = 2147483647;
			files = (
				DEACA94B2AF02F0A00EC7CEE /* LaunchScreen.storyboard in Resources */,
				DE3C67262B02CBDF006317BA /* PaymentScreen.storyboard in Resources */,
				DE3C672E2B02CD6F006317BA /* PassengerDetails.storyboard in Resources */,
				DE3C67332B02EB38006317BA /* Main.storyboard in Resources */,
				DE3C672A2B02CD43006317BA /* RoomDetails.storyboard in Resources */,
				DEACA9482AF02F0A00EC7CEE /* Assets.xcassets in Resources */,
			);
			runOnlyForDeploymentPostprocessing = 0;
		};
		DEACA94F2AF02F0B00EC7CEE /* Resources */ = {
			isa = PBXResourcesBuildPhase;
			buildActionMask = 2147483647;
			files = (
			);
			runOnlyForDeploymentPostprocessing = 0;
		};
		DEACA9592AF02F0B00EC7CEE /* Resources */ = {
			isa = PBXResourcesBuildPhase;
			buildActionMask = 2147483647;
			files = (
			);
			runOnlyForDeploymentPostprocessing = 0;
		};
/* End PBXResourcesBuildPhase section */

/* Begin PBXSourcesBuildPhase section */
		DEACA9372AF02F0700EC7CEE /* Sources */ = {
			isa = PBXSourcesBuildPhase;
			buildActionMask = 2147483647;
			files = (
				DE3C67302B02CD92006317BA /* PassengerDetailsViewController.swift in Sources */,
				DEACA96F2AF053B200EC7CEE /* LoginViewController.swift in Sources */,
				DEB8919C2AF0695C00A3DD0C /* CruiseListViewController.swift in Sources */,
				DEB8919A2AF0617A00A3DD0C /* RegisterViewController.swift in Sources */,
				DE3C67282B02CCF4006317BA /* PaymentViewController.swift in Sources */,
				DEACA9432AF02F0700EC7CEE /* HomeViewController.swift in Sources */,
				DE3C672C2B02CD52006317BA /* RoomDetailsViewController.swift in Sources */,
				DEACA93F2AF02F0700EC7CEE /* AppDelegate.swift in Sources */,
				DEB891A22AF09BFD00A3DD0C /* CruiseDetailsViewController.swift in Sources */,
				DEACA9412AF02F0700EC7CEE /* SceneDelegate.swift in Sources */,
			);
			runOnlyForDeploymentPostprocessing = 0;
		};
		DEACA94D2AF02F0B00EC7CEE /* Sources */ = {
			isa = PBXSourcesBuildPhase;
			buildActionMask = 2147483647;
			files = (
				DEACA9562AF02F0B00EC7CEE /* Team9_MAPD714_Project_Milestone2Tests.swift in Sources */,
			);
			runOnlyForDeploymentPostprocessing = 0;
		};
		DEACA9572AF02F0B00EC7CEE /* Sources */ = {
			isa = PBXSourcesBuildPhase;
			buildActionMask = 2147483647;
			files = (
				DEACA9622AF02F0B00EC7CEE /* Team9_MAPD714_Project_Milestone2UITestsLaunchTests.swift in Sources */,
				DEACA9602AF02F0B00EC7CEE /* Team9_MAPD714_Project_Milestone2UITests.swift in Sources */,
			);
			runOnlyForDeploymentPostprocessing = 0;
		};
/* End PBXSourcesBuildPhase section */

/* Begin PBXTargetDependency section */
		DEACA9532AF02F0B00EC7CEE /* PBXTargetDependency */ = {
			isa = PBXTargetDependency;
			target = DEACA93A2AF02F0700EC7CEE /* Team9_MAPD714_Project-Milestone2 */;
			targetProxy = DEACA9522AF02F0B00EC7CEE /* PBXContainerItemProxy */;
		};
		DEACA95D2AF02F0B00EC7CEE /* PBXTargetDependency */ = {
			isa = PBXTargetDependency;
			target = DEACA93A2AF02F0700EC7CEE /* Team9_MAPD714_Project-Milestone2 */;
			targetProxy = DEACA95C2AF02F0B00EC7CEE /* PBXContainerItemProxy */;
		};
/* End PBXTargetDependency section */

/* Begin PBXVariantGroup section */
		DE3C67312B02EB38006317BA /* Main.storyboard */ = {
			isa = PBXVariantGroup;
			children = (
				DE3C67322B02EB38006317BA /* Base */,
			);
			name = Main.storyboard;
			sourceTree = "<group>";
		};
		DEACA9492AF02F0A00EC7CEE /* LaunchScreen.storyboard */ = {
			isa = PBXVariantGroup;
			children = (
				DEACA94A2AF02F0A00EC7CEE /* Base */,
			);
			name = LaunchScreen.storyboard;
			sourceTree = "<group>";
		};
/* End PBXVariantGroup section */

/* Begin XCBuildConfiguration section */
		DEACA9632AF02F0B00EC7CEE /* Debug */ = {
			isa = XCBuildConfiguration;
			buildSettings = {
				ALWAYS_SEARCH_USER_PATHS = NO;
				ASSETCATALOG_COMPILER_GENERATE_SWIFT_ASSET_SYMBOL_EXTENSIONS = YES;
				CLANG_ANALYZER_NONNULL = YES;
				CLANG_ANALYZER_NUMBER_OBJECT_CONVERSION = YES_AGGRESSIVE;
				CLANG_CXX_LANGUAGE_STANDARD = "gnu++20";
				CLANG_ENABLE_MODULES = YES;
				CLANG_ENABLE_OBJC_ARC = YES;
				CLANG_ENABLE_OBJC_WEAK = YES;
				CLANG_WARN_BLOCK_CAPTURE_AUTORELEASING = YES;
				CLANG_WARN_BOOL_CONVERSION = YES;
				CLANG_WARN_COMMA = YES;
				CLANG_WARN_CONSTANT_CONVERSION = YES;
				CLANG_WARN_DEPRECATED_OBJC_IMPLEMENTATIONS = YES;
				CLANG_WARN_DIRECT_OBJC_ISA_USAGE = YES_ERROR;
				CLANG_WARN_DOCUMENTATION_COMMENTS = YES;
				CLANG_WARN_EMPTY_BODY = YES;
				CLANG_WARN_ENUM_CONVERSION = YES;
				CLANG_WARN_INFINITE_RECURSION = YES;
				CLANG_WARN_INT_CONVERSION = YES;
				CLANG_WARN_NON_LITERAL_NULL_CONVERSION = YES;
				CLANG_WARN_OBJC_IMPLICIT_RETAIN_SELF = YES;
				CLANG_WARN_OBJC_LITERAL_CONVERSION = YES;
				CLANG_WARN_OBJC_ROOT_CLASS = YES_ERROR;
				CLANG_WARN_QUOTED_INCLUDE_IN_FRAMEWORK_HEADER = YES;
				CLANG_WARN_RANGE_LOOP_ANALYSIS = YES;
				CLANG_WARN_STRICT_PROTOTYPES = YES;
				CLANG_WARN_SUSPICIOUS_MOVE = YES;
				CLANG_WARN_UNGUARDED_AVAILABILITY = YES_AGGRESSIVE;
				CLANG_WARN_UNREACHABLE_CODE = YES;
				CLANG_WARN__DUPLICATE_METHOD_MATCH = YES;
				COPY_PHASE_STRIP = NO;
				DEBUG_INFORMATION_FORMAT = dwarf;
				ENABLE_STRICT_OBJC_MSGSEND = YES;
				ENABLE_TESTABILITY = YES;
				ENABLE_USER_SCRIPT_SANDBOXING = YES;
				GCC_C_LANGUAGE_STANDARD = gnu17;
				GCC_DYNAMIC_NO_PIC = NO;
				GCC_NO_COMMON_BLOCKS = YES;
				GCC_OPTIMIZATION_LEVEL = 0;
				GCC_PREPROCESSOR_DEFINITIONS = (
					"DEBUG=1",
					"$(inherited)",
				);
				GCC_WARN_64_TO_32_BIT_CONVERSION = YES;
				GCC_WARN_ABOUT_RETURN_TYPE = YES_ERROR;
				GCC_WARN_UNDECLARED_SELECTOR = YES;
				GCC_WARN_UNINITIALIZED_AUTOS = YES_AGGRESSIVE;
				GCC_WARN_UNUSED_FUNCTION = YES;
				GCC_WARN_UNUSED_VARIABLE = YES;
				IPHONEOS_DEPLOYMENT_TARGET = 17.0;
				LOCALIZATION_PREFERS_STRING_CATALOGS = YES;
				MTL_ENABLE_DEBUG_INFO = INCLUDE_SOURCE;
				MTL_FAST_MATH = YES;
				ONLY_ACTIVE_ARCH = YES;
				SDKROOT = iphoneos;
				SWIFT_ACTIVE_COMPILATION_CONDITIONS = "DEBUG $(inherited)";
				SWIFT_OPTIMIZATION_LEVEL = "-Onone";
			};
			name = Debug;
		};
		DEACA9642AF02F0B00EC7CEE /* Release */ = {
			isa = XCBuildConfiguration;
			buildSettings = {
				ALWAYS_SEARCH_USER_PATHS = NO;
				ASSETCATALOG_COMPILER_GENERATE_SWIFT_ASSET_SYMBOL_EXTENSIONS = YES;
				CLANG_ANALYZER_NONNULL = YES;
				CLANG_ANALYZER_NUMBER_OBJECT_CONVERSION = YES_AGGRESSIVE;
				CLANG_CXX_LANGUAGE_STANDARD = "gnu++20";
				CLANG_ENABLE_MODULES = YES;
				CLANG_ENABLE_OBJC_ARC = YES;
				CLANG_ENABLE_OBJC_WEAK = YES;
				CLANG_WARN_BLOCK_CAPTURE_AUTORELEASING = YES;
				CLANG_WARN_BOOL_CONVERSION = YES;
				CLANG_WARN_COMMA = YES;
				CLANG_WARN_CONSTANT_CONVERSION = YES;
				CLANG_WARN_DEPRECATED_OBJC_IMPLEMENTATIONS = YES;
				CLANG_WARN_DIRECT_OBJC_ISA_USAGE = YES_ERROR;
				CLANG_WARN_DOCUMENTATION_COMMENTS = YES;
				CLANG_WARN_EMPTY_BODY = YES;
				CLANG_WARN_ENUM_CONVERSION = YES;
				CLANG_WARN_INFINITE_RECURSION = YES;
				CLANG_WARN_INT_CONVERSION = YES;
				CLANG_WARN_NON_LITERAL_NULL_CONVERSION = YES;
				CLANG_WARN_OBJC_IMPLICIT_RETAIN_SELF = YES;
				CLANG_WARN_OBJC_LITERAL_CONVERSION = YES;
				CLANG_WARN_OBJC_ROOT_CLASS = YES_ERROR;
				CLANG_WARN_QUOTED_INCLUDE_IN_FRAMEWORK_HEADER = YES;
				CLANG_WARN_RANGE_LOOP_ANALYSIS = YES;
				CLANG_WARN_STRICT_PROTOTYPES = YES;
				CLANG_WARN_SUSPICIOUS_MOVE = YES;
				CLANG_WARN_UNGUARDED_AVAILABILITY = YES_AGGRESSIVE;
				CLANG_WARN_UNREACHABLE_CODE = YES;
				CLANG_WARN__DUPLICATE_METHOD_MATCH = YES;
				COPY_PHASE_STRIP = NO;
				DEBUG_INFORMATION_FORMAT = "dwarf-with-dsym";
				ENABLE_NS_ASSERTIONS = NO;
				ENABLE_STRICT_OBJC_MSGSEND = YES;
				ENABLE_USER_SCRIPT_SANDBOXING = YES;
				GCC_C_LANGUAGE_STANDARD = gnu17;
				GCC_NO_COMMON_BLOCKS = YES;
				GCC_WARN_64_TO_32_BIT_CONVERSION = YES;
				GCC_WARN_ABOUT_RETURN_TYPE = YES_ERROR;
				GCC_WARN_UNDECLARED_SELECTOR = YES;
				GCC_WARN_UNINITIALIZED_AUTOS = YES_AGGRESSIVE;
				GCC_WARN_UNUSED_FUNCTION = YES;
				GCC_WARN_UNUSED_VARIABLE = YES;
				IPHONEOS_DEPLOYMENT_TARGET = 17.0;
				LOCALIZATION_PREFERS_STRING_CATALOGS = YES;
				MTL_ENABLE_DEBUG_INFO = NO;
				MTL_FAST_MATH = YES;
				SDKROOT = iphoneos;
				SWIFT_COMPILATION_MODE = wholemodule;
				VALIDATE_PRODUCT = YES;
			};
			name = Release;
		};
		DEACA9662AF02F0B00EC7CEE /* Debug */ = {
			isa = XCBuildConfiguration;
			buildSettings = {
				ASSETCATALOG_COMPILER_APPICON_NAME = AppIcon;
				ASSETCATALOG_COMPILER_GLOBAL_ACCENT_COLOR_NAME = AccentColor;
				CODE_SIGN_STYLE = Automatic;
				CURRENT_PROJECT_VERSION = 1;
				DEVELOPMENT_TEAM = GMQ893K74F;
				GENERATE_INFOPLIST_FILE = YES;
				INFOPLIST_FILE = "Team9_MAPD714_Project-Milestone2/Info.plist";
				INFOPLIST_KEY_UIApplicationSupportsIndirectInputEvents = YES;
				INFOPLIST_KEY_UILaunchStoryboardName = LaunchScreen;
				INFOPLIST_KEY_UIMainStoryboardFile = Main;
				INFOPLIST_KEY_UISupportedInterfaceOrientations_iPad = "UIInterfaceOrientationPortrait UIInterfaceOrientationPortraitUpsideDown UIInterfaceOrientationLandscapeLeft UIInterfaceOrientationLandscapeRight";
				INFOPLIST_KEY_UISupportedInterfaceOrientations_iPhone = "UIInterfaceOrientationPortrait UIInterfaceOrientationLandscapeLeft UIInterfaceOrientationLandscapeRight";
				IPHONEOS_DEPLOYMENT_TARGET = 15.0;
				LD_RUNPATH_SEARCH_PATHS = (
					"$(inherited)",
					"@executable_path/Frameworks",
				);
				MARKETING_VERSION = 1.0;
				PRODUCT_BUNDLE_IDENTIFIER = "shubhu1026.Team9-MAPD714-Project-Milestone2";
				PRODUCT_NAME = "$(TARGET_NAME)";
				SWIFT_EMIT_LOC_STRINGS = YES;
				SWIFT_VERSION = 5.0;
				TARGETED_DEVICE_FAMILY = "1,2";
			};
			name = Debug;
		};
		DEACA9672AF02F0B00EC7CEE /* Release */ = {
			isa = XCBuildConfiguration;
			buildSettings = {
				ASSETCATALOG_COMPILER_APPICON_NAME = AppIcon;
				ASSETCATALOG_COMPILER_GLOBAL_ACCENT_COLOR_NAME = AccentColor;
				CODE_SIGN_STYLE = Automatic;
				CURRENT_PROJECT_VERSION = 1;
				DEVELOPMENT_TEAM = GMQ893K74F;
				GENERATE_INFOPLIST_FILE = YES;
				INFOPLIST_FILE = "Team9_MAPD714_Project-Milestone2/Info.plist";
				INFOPLIST_KEY_UIApplicationSupportsIndirectInputEvents = YES;
				INFOPLIST_KEY_UILaunchStoryboardName = LaunchScreen;
				INFOPLIST_KEY_UIMainStoryboardFile = Main;
				INFOPLIST_KEY_UISupportedInterfaceOrientations_iPad = "UIInterfaceOrientationPortrait UIInterfaceOrientationPortraitUpsideDown UIInterfaceOrientationLandscapeLeft UIInterfaceOrientationLandscapeRight";
				INFOPLIST_KEY_UISupportedInterfaceOrientations_iPhone = "UIInterfaceOrientationPortrait UIInterfaceOrientationLandscapeLeft UIInterfaceOrientationLandscapeRight";
				IPHONEOS_DEPLOYMENT_TARGET = 15.0;
				LD_RUNPATH_SEARCH_PATHS = (
					"$(inherited)",
					"@executable_path/Frameworks",
				);
				MARKETING_VERSION = 1.0;
				PRODUCT_BUNDLE_IDENTIFIER = "shubhu1026.Team9-MAPD714-Project-Milestone2";
				PRODUCT_NAME = "$(TARGET_NAME)";
				SWIFT_EMIT_LOC_STRINGS = YES;
				SWIFT_VERSION = 5.0;
				TARGETED_DEVICE_FAMILY = "1,2";
			};
			name = Release;
		};
		DEACA9692AF02F0B00EC7CEE /* Debug */ = {
			isa = XCBuildConfiguration;
			buildSettings = {
				ALWAYS_EMBED_SWIFT_STANDARD_LIBRARIES = YES;
				BUNDLE_LOADER = "$(TEST_HOST)";
				CODE_SIGN_STYLE = Automatic;
				CURRENT_PROJECT_VERSION = 1;
				DEVELOPMENT_TEAM = GMQ893K74F;
				GENERATE_INFOPLIST_FILE = YES;
				IPHONEOS_DEPLOYMENT_TARGET = 17.0;
				MARKETING_VERSION = 1.0;
				PRODUCT_BUNDLE_IDENTIFIER = "shubhu1026.Team9-MAPD714-Project-Milestone2Tests";
				PRODUCT_NAME = "$(TARGET_NAME)";
				SWIFT_EMIT_LOC_STRINGS = NO;
				SWIFT_VERSION = 5.0;
				TARGETED_DEVICE_FAMILY = "1,2";
				TEST_HOST = "$(BUILT_PRODUCTS_DIR)/Team9_MAPD714_Project-Milestone2.app/$(BUNDLE_EXECUTABLE_FOLDER_PATH)/Team9_MAPD714_Project-Milestone2";
			};
			name = Debug;
		};
		DEACA96A2AF02F0B00EC7CEE /* Release */ = {
			isa = XCBuildConfiguration;
			buildSettings = {
				ALWAYS_EMBED_SWIFT_STANDARD_LIBRARIES = YES;
				BUNDLE_LOADER = "$(TEST_HOST)";
				CODE_SIGN_STYLE = Automatic;
				CURRENT_PROJECT_VERSION = 1;
				DEVELOPMENT_TEAM = GMQ893K74F;
				GENERATE_INFOPLIST_FILE = YES;
				IPHONEOS_DEPLOYMENT_TARGET = 17.0;
				MARKETING_VERSION = 1.0;
				PRODUCT_BUNDLE_IDENTIFIER = "shubhu1026.Team9-MAPD714-Project-Milestone2Tests";
				PRODUCT_NAME = "$(TARGET_NAME)";
				SWIFT_EMIT_LOC_STRINGS = NO;
				SWIFT_VERSION = 5.0;
				TARGETED_DEVICE_FAMILY = "1,2";
				TEST_HOST = "$(BUILT_PRODUCTS_DIR)/Team9_MAPD714_Project-Milestone2.app/$(BUNDLE_EXECUTABLE_FOLDER_PATH)/Team9_MAPD714_Project-Milestone2";
			};
			name = Release;
		};
		DEACA96C2AF02F0B00EC7CEE /* Debug */ = {
			isa = XCBuildConfiguration;
			buildSettings = {
				ALWAYS_EMBED_SWIFT_STANDARD_LIBRARIES = YES;
				CODE_SIGN_STYLE = Automatic;
				CURRENT_PROJECT_VERSION = 1;
				DEVELOPMENT_TEAM = GMQ893K74F;
				GENERATE_INFOPLIST_FILE = YES;
				MARKETING_VERSION = 1.0;
				PRODUCT_BUNDLE_IDENTIFIER = "shubhu1026.Team9-MAPD714-Project-Milestone2UITests";
				PRODUCT_NAME = "$(TARGET_NAME)";
				SWIFT_EMIT_LOC_STRINGS = NO;
				SWIFT_VERSION = 5.0;
				TARGETED_DEVICE_FAMILY = "1,2";
				TEST_TARGET_NAME = "Team9_MAPD714_Project-Milestone2";
			};
			name = Debug;
		};
		DEACA96D2AF02F0B00EC7CEE /* Release */ = {
			isa = XCBuildConfiguration;
			buildSettings = {
				ALWAYS_EMBED_SWIFT_STANDARD_LIBRARIES = YES;
				CODE_SIGN_STYLE = Automatic;
				CURRENT_PROJECT_VERSION = 1;
				DEVELOPMENT_TEAM = GMQ893K74F;
				GENERATE_INFOPLIST_FILE = YES;
				MARKETING_VERSION = 1.0;
				PRODUCT_BUNDLE_IDENTIFIER = "shubhu1026.Team9-MAPD714-Project-Milestone2UITests";
				PRODUCT_NAME = "$(TARGET_NAME)";
				SWIFT_EMIT_LOC_STRINGS = NO;
				SWIFT_VERSION = 5.0;
				TARGETED_DEVICE_FAMILY = "1,2";
				TEST_TARGET_NAME = "Team9_MAPD714_Project-Milestone2";
			};
			name = Release;
		};
/* End XCBuildConfiguration section */

/* Begin XCConfigurationList section */
		DEACA9362AF02F0700EC7CEE /* Build configuration list for PBXProject "Team9_MAPD714_Project-Milestone2" */ = {
			isa = XCConfigurationList;
			buildConfigurations = (
				DEACA9632AF02F0B00EC7CEE /* Debug */,
				DEACA9642AF02F0B00EC7CEE /* Release */,
			);
			defaultConfigurationIsVisible = 0;
			defaultConfigurationName = Release;
		};
		DEACA9652AF02F0B00EC7CEE /* Build configuration list for PBXNativeTarget "Team9_MAPD714_Project-Milestone2" */ = {
			isa = XCConfigurationList;
			buildConfigurations = (
				DEACA9662AF02F0B00EC7CEE /* Debug */,
				DEACA9672AF02F0B00EC7CEE /* Release */,
			);
			defaultConfigurationIsVisible = 0;
			defaultConfigurationName = Release;
		};
		DEACA9682AF02F0B00EC7CEE /* Build configuration list for PBXNativeTarget "Team9_MAPD714_Project-Milestone2Tests" */ = {
			isa = XCConfigurationList;
			buildConfigurations = (
				DEACA9692AF02F0B00EC7CEE /* Debug */,
				DEACA96A2AF02F0B00EC7CEE /* Release */,
			);
			defaultConfigurationIsVisible = 0;
			defaultConfigurationName = Release;
		};
		DEACA96B2AF02F0B00EC7CEE /* Build configuration list for PBXNativeTarget "Team9_MAPD714_Project-Milestone2UITests" */ = {
			isa = XCConfigurationList;
			buildConfigurations = (
				DEACA96C2AF02F0B00EC7CEE /* Debug */,
				DEACA96D2AF02F0B00EC7CEE /* Release */,
			);
			defaultConfigurationIsVisible = 0;
			defaultConfigurationName = Release;
		};
/* End XCConfigurationList section */
	};
	rootObject = DEACA9332AF02F0700EC7CEE /* Project object */;
}
