// !$*UTF8*$!
{
	archiveVersion = 1;
	classes = {
	};
	objectVersion = 56;
	objects = {

/* Begin PBXBuildFile section */
		DE0D798D2B12D493007F31F8 /* DatabaseManager.swift in Sources */ = {isa = PBXBuildFile; fileRef = DE0D798C2B12D493007F31F8 /* DatabaseManager.swift */; };
		DE0D79902B12D4B8007F31F8 /* libsqlite3.0.tbd in Frameworks */ = {isa = PBXBuildFile; fileRef = DE0D798F2B12D4B8007F31F8 /* libsqlite3.0.tbd */; };
		DE0D79922B12D4BF007F31F8 /* libsqlite3.tbd in Frameworks */ = {isa = PBXBuildFile; fileRef = DE0D79912B12D4BF007F31F8 /* libsqlite3.tbd */; };
		DE13F2E62B181B4E004CF969 /* CruiseListingView.storyboard in Resources */ = {isa = PBXBuildFile; fileRef = DE13F2E52B181B4E004CF969 /* CruiseListingView.storyboard */; };
		DE13F2E82B181B9E004CF969 /* CruiseListingViewController.swift in Sources */ = {isa = PBXBuildFile; fileRef = DE13F2E72B181B9E004CF969 /* CruiseListingViewController.swift */; };
		DE13F2EB2B181DA3004CF969 /* CruiseTableViewCell.swift in Sources */ = {isa = PBXBuildFile; fileRef = DE13F2EA2B181DA3004CF969 /* CruiseTableViewCell.swift */; };
		DE13F2EE2B181DFC004CF969 /* Cruise.swift in Sources */ = {isa = PBXBuildFile; fileRef = DE13F2ED2B181DFC004CF969 /* Cruise.swift */; };
		DE13F2F32B182472004CF969 /* DatabaseTables.swift in Sources */ = {isa = PBXBuildFile; fileRef = DE13F2F22B182472004CF969 /* DatabaseTables.swift */; };
		DE13F2F52B1824FB004CF969 /* DatabaseTablesPrepopulation.swift in Sources */ = {isa = PBXBuildFile; fileRef = DE13F2F42B1824FB004CF969 /* DatabaseTablesPrepopulation.swift */; };
		DE13F2F72B1825A5004CF969 /* DatabaseOperations.swift in Sources */ = {isa = PBXBuildFile; fileRef = DE13F2F62B1825A5004CF969 /* DatabaseOperations.swift */; };
		DE13F2F92B182F5E004CF969 /* DatePickerView.swift in Sources */ = {isa = PBXBuildFile; fileRef = DE13F2F82B182F5E004CF969 /* DatePickerView.swift */; };
		DE13F2FB2B184FFA004CF969 /* User.swift in Sources */ = {isa = PBXBuildFile; fileRef = DE13F2FA2B184FFA004CF969 /* User.swift */; };
		DE3C67282B02CCF4006317BA /* PaymentViewController.swift in Sources */ = {isa = PBXBuildFile; fileRef = DE3C67272B02CCF3006317BA /* PaymentViewController.swift */; };
		DE3C67332B02EB38006317BA /* Main.storyboard in Resources */ = {isa = PBXBuildFile; fileRef = DE3C67312B02EB38006317BA /* Main.storyboard */; };
		DE4478C42B171FE400B50199 /* ProfilePageView.storyboard in Resources */ = {isa = PBXBuildFile; fileRef = DE4478C32B171FE400B50199 /* ProfilePageView.storyboard */; };
		DE4478C62B17201200B50199 /* ProfilePageViewController.swift in Sources */ = {isa = PBXBuildFile; fileRef = DE4478C52B17201200B50199 /* ProfilePageViewController.swift */; };
		DE4478CA2B17207D00B50199 /* SignUpView.storyboard in Resources */ = {isa = PBXBuildFile; fileRef = DE4478C92B17207D00B50199 /* SignUpView.storyboard */; };
		DE4478CC2B1720BE00B50199 /* SignUpViewController.swift in Sources */ = {isa = PBXBuildFile; fileRef = DE4478CB2B1720BE00B50199 /* SignUpViewController.swift */; };
		DE4478CE2B1723DC00B50199 /* LoginView.storyboard in Resources */ = {isa = PBXBuildFile; fileRef = DE4478CD2B1723DC00B50199 /* LoginView.storyboard */; };
		DE4478D02B17240A00B50199 /* LoginViewController.swift in Sources */ = {isa = PBXBuildFile; fileRef = DE4478CF2B17240A00B50199 /* LoginViewController.swift */; };
		DE4FA24A2B1542C800F6AE7E /* CruiseDetailsItineraryCell.swift in Sources */ = {isa = PBXBuildFile; fileRef = DE4FA2492B1542C800F6AE7E /* CruiseDetailsItineraryCell.swift */; };
		DE4FA24C2B157CBA00F6AE7E /* CruiseDetailsView.storyboard in Resources */ = {isa = PBXBuildFile; fileRef = DE4FA24B2B157CBA00F6AE7E /* CruiseDetailsView.storyboard */; };
		DE9B5A682B1A78DD00B5B373 /* GuestDetailsView.storyboard in Resources */ = {isa = PBXBuildFile; fileRef = DE9B5A672B1A78DD00B5B373 /* GuestDetailsView.storyboard */; };
		DE9B5A6A2B1A79AD00B5B373 /* GuestDetailsViewController.swift in Sources */ = {isa = PBXBuildFile; fileRef = DE9B5A692B1A79AD00B5B373 /* GuestDetailsViewController.swift */; };
		DE9B5A6C2B1A7ACB00B5B373 /* BookingDetails.swift in Sources */ = {isa = PBXBuildFile; fileRef = DE9B5A6B2B1A7ACB00B5B373 /* BookingDetails.swift */; };
		DE9B5A6E2B1A7EFD00B5B373 /* GuestDetailsViewCell.swift in Sources */ = {isa = PBXBuildFile; fileRef = DE9B5A6D2B1A7EFD00B5B373 /* GuestDetailsViewCell.swift */; };
		DEACA93F2AF02F0700EC7CEE /* AppDelegate.swift in Sources */ = {isa = PBXBuildFile; fileRef = DEACA93E2AF02F0700EC7CEE /* AppDelegate.swift */; };
		DEACA9412AF02F0700EC7CEE /* SceneDelegate.swift in Sources */ = {isa = PBXBuildFile; fileRef = DEACA9402AF02F0700EC7CEE /* SceneDelegate.swift */; };
		DEACA9432AF02F0700EC7CEE /* HomeViewController.swift in Sources */ = {isa = PBXBuildFile; fileRef = DEACA9422AF02F0700EC7CEE /* HomeViewController.swift */; };
		DEACA9482AF02F0A00EC7CEE /* Assets.xcassets in Resources */ = {isa = PBXBuildFile; fileRef = DEACA9472AF02F0A00EC7CEE /* Assets.xcassets */; };
		DEACA94B2AF02F0A00EC7CEE /* LaunchScreen.storyboard in Resources */ = {isa = PBXBuildFile; fileRef = DEACA9492AF02F0A00EC7CEE /* LaunchScreen.storyboard */; };
		DEACA9562AF02F0B00EC7CEE /* Team9_MAPD714_Project_Milestone2Tests.swift in Sources */ = {isa = PBXBuildFile; fileRef = DEACA9552AF02F0B00EC7CEE /* Team9_MAPD714_Project_Milestone2Tests.swift */; };
		DEACA9602AF02F0B00EC7CEE /* Team9_MAPD714_Project_Milestone2UITests.swift in Sources */ = {isa = PBXBuildFile; fileRef = DEACA95F2AF02F0B00EC7CEE /* Team9_MAPD714_Project_Milestone2UITests.swift */; };
		DEACA9622AF02F0B00EC7CEE /* Team9_MAPD714_Project_Milestone2UITestsLaunchTests.swift in Sources */ = {isa = PBXBuildFile; fileRef = DEACA9612AF02F0B00EC7CEE /* Team9_MAPD714_Project_Milestone2UITestsLaunchTests.swift */; };
		DEACC7342B1A8BE300FEB963 /* TicketConfirmedView.storyboard in Resources */ = {isa = PBXBuildFile; fileRef = DEACC7332B1A8BE300FEB963 /* TicketConfirmedView.storyboard */; };
		DEACC7362B1A8C1F00FEB963 /* TicketConfirmedViewController.swift in Sources */ = {isa = PBXBuildFile; fileRef = DEACC7352B1A8C1F00FEB963 /* TicketConfirmedViewController.swift */; };
		DEACC7382B1A8C7200FEB963 /* TicketItineraryViewCell.swift in Sources */ = {isa = PBXBuildFile; fileRef = DEACC7372B1A8C7200FEB963 /* TicketItineraryViewCell.swift */; };
		DEACC73A2B1A8E8F00FEB963 /* PaymentView.storyboard in Resources */ = {isa = PBXBuildFile; fileRef = DEACC7392B1A8E8F00FEB963 /* PaymentView.storyboard */; };
		DEB891A22AF09BFD00A3DD0C /* CruiseDetailsViewController.swift in Sources */ = {isa = PBXBuildFile; fileRef = DEB891A12AF09BFD00A3DD0C /* CruiseDetailsViewController.swift */; };
		DEE378EB2B03BE71004CE546 /* Itinerary.swift in Sources */ = {isa = PBXBuildFile; fileRef = DEE378EA2B03BE71004CE546 /* Itinerary.swift */; };
/* End PBXBuildFile section */

/* Begin PBXContainerItemProxy section */
		DEACA9522AF02F0B00EC7CEE /* PBXContainerItemProxy */ = {
			isa = PBXContainerItemProxy;
			containerPortal = DEACA9332AF02F0700EC7CEE /* Project object */;
			proxyType = 1;
			remoteGlobalIDString = DEACA93A2AF02F0700EC7CEE;
			remoteInfo = "Team9_MAPD714_Project-Milestone2";
		};
		DEACA95C2AF02F0B00EC7CEE /* PBXContainerItemProxy */ = {
			isa = PBXContainerItemProxy;
			containerPortal = DEACA9332AF02F0700EC7CEE /* Project object */;
			proxyType = 1;
			remoteGlobalIDString = DEACA93A2AF02F0700EC7CEE;
			remoteInfo = "Team9_MAPD714_Project-Milestone2";
		};
/* End PBXContainerItemProxy section */

/* Begin PBXFileReference section */
		DE0D798C2B12D493007F31F8 /* DatabaseManager.swift */ = {isa = PBXFileReference; lastKnownFileType = sourcecode.swift; path = DatabaseManager.swift; sourceTree = "<group>"; };
		DE0D798F2B12D4B8007F31F8 /* libsqlite3.0.tbd */ = {isa = PBXFileReference; lastKnownFileType = "sourcecode.text-based-dylib-definition"; name = libsqlite3.0.tbd; path = usr/lib/libsqlite3.0.tbd; sourceTree = SDKROOT; };
		DE0D79912B12D4BF007F31F8 /* libsqlite3.tbd */ = {isa = PBXFileReference; lastKnownFileType = "sourcecode.text-based-dylib-definition"; name = libsqlite3.tbd; path = usr/lib/libsqlite3.tbd; sourceTree = SDKROOT; };
		DE13F2E52B181B4E004CF969 /* CruiseListingView.storyboard */ = {isa = PBXFileReference; lastKnownFileType = file.storyboard; path = CruiseListingView.storyboard; sourceTree = "<group>"; };
		DE13F2E72B181B9E004CF969 /* CruiseListingViewController.swift */ = {isa = PBXFileReference; lastKnownFileType = sourcecode.swift; path = CruiseListingViewController.swift; sourceTree = "<group>"; };
		DE13F2EA2B181DA3004CF969 /* CruiseTableViewCell.swift */ = {isa = PBXFileReference; lastKnownFileType = sourcecode.swift; path = CruiseTableViewCell.swift; sourceTree = "<group>"; };
		DE13F2ED2B181DFC004CF969 /* Cruise.swift */ = {isa = PBXFileReference; lastKnownFileType = sourcecode.swift; path = Cruise.swift; sourceTree = "<group>"; };
		DE13F2F22B182472004CF969 /* DatabaseTables.swift */ = {isa = PBXFileReference; lastKnownFileType = sourcecode.swift; path = DatabaseTables.swift; sourceTree = "<group>"; };
		DE13F2F42B1824FB004CF969 /* DatabaseTablesPrepopulation.swift */ = {isa = PBXFileReference; lastKnownFileType = sourcecode.swift; path = DatabaseTablesPrepopulation.swift; sourceTree = "<group>"; };
		DE13F2F62B1825A5004CF969 /* DatabaseOperations.swift */ = {isa = PBXFileReference; lastKnownFileType = sourcecode.swift; path = DatabaseOperations.swift; sourceTree = "<group>"; };
		DE13F2F82B182F5E004CF969 /* DatePickerView.swift */ = {isa = PBXFileReference; lastKnownFileType = sourcecode.swift; path = DatePickerView.swift; sourceTree = "<group>"; };
		DE13F2FA2B184FFA004CF969 /* User.swift */ = {isa = PBXFileReference; lastKnownFileType = sourcecode.swift; path = User.swift; sourceTree = "<group>"; };
		DE3C67272B02CCF3006317BA /* PaymentViewController.swift */ = {isa = PBXFileReference; lastKnownFileType = sourcecode.swift; path = PaymentViewController.swift; sourceTree = "<group>"; };
		DE3C67322B02EB38006317BA /* Base */ = {isa = PBXFileReference; lastKnownFileType = file.storyboard; name = Base; path = Base.lproj/Main.storyboard; sourceTree = "<group>"; };
		DE4478C32B171FE400B50199 /* ProfilePageView.storyboard */ = {isa = PBXFileReference; lastKnownFileType = file.storyboard; path = ProfilePageView.storyboard; sourceTree = "<group>"; };
		DE4478C52B17201200B50199 /* ProfilePageViewController.swift */ = {isa = PBXFileReference; lastKnownFileType = sourcecode.swift; path = ProfilePageViewController.swift; sourceTree = "<group>"; };
		DE4478C92B17207D00B50199 /* SignUpView.storyboard */ = {isa = PBXFileReference; lastKnownFileType = file.storyboard; path = SignUpView.storyboard; sourceTree = "<group>"; };
		DE4478CB2B1720BE00B50199 /* SignUpViewController.swift */ = {isa = PBXFileReference; lastKnownFileType = sourcecode.swift; path = SignUpViewController.swift; sourceTree = "<group>"; };
		DE4478CD2B1723DC00B50199 /* LoginView.storyboard */ = {isa = PBXFileReference; lastKnownFileType = file.storyboard; path = LoginView.storyboard; sourceTree = "<group>"; };
		DE4478CF2B17240A00B50199 /* LoginViewController.swift */ = {isa = PBXFileReference; lastKnownFileType = sourcecode.swift; path = LoginViewController.swift; sourceTree = "<group>"; };
		DE4FA2492B1542C800F6AE7E /* CruiseDetailsItineraryCell.swift */ = {isa = PBXFileReference; lastKnownFileType = sourcecode.swift; path = CruiseDetailsItineraryCell.swift; sourceTree = "<group>"; };
		DE4FA24B2B157CBA00F6AE7E /* CruiseDetailsView.storyboard */ = {isa = PBXFileReference; lastKnownFileType = file.storyboard; path = CruiseDetailsView.storyboard; sourceTree = "<group>"; };
		DE9B5A672B1A78DD00B5B373 /* GuestDetailsView.storyboard */ = {isa = PBXFileReference; lastKnownFileType = file.storyboard; path = GuestDetailsView.storyboard; sourceTree = "<group>"; };
		DE9B5A692B1A79AD00B5B373 /* GuestDetailsViewController.swift */ = {isa = PBXFileReference; lastKnownFileType = sourcecode.swift; path = GuestDetailsViewController.swift; sourceTree = "<group>"; };
		DE9B5A6B2B1A7ACB00B5B373 /* BookingDetails.swift */ = {isa = PBXFileReference; lastKnownFileType = sourcecode.swift; path = BookingDetails.swift; sourceTree = "<group>"; };
		DE9B5A6D2B1A7EFD00B5B373 /* GuestDetailsViewCell.swift */ = {isa = PBXFileReference; lastKnownFileType = sourcecode.swift; path = GuestDetailsViewCell.swift; sourceTree = "<group>"; };
		DEACA93B2AF02F0700EC7CEE /* Team9_MAPD714_Project-Milestone2.app */ = {isa = PBXFileReference; explicitFileType = wrapper.application; includeInIndex = 0; path = "Team9_MAPD714_Project-Milestone2.app"; sourceTree = BUILT_PRODUCTS_DIR; };
		DEACA93E2AF02F0700EC7CEE /* AppDelegate.swift */ = {isa = PBXFileReference; lastKnownFileType = sourcecode.swift; path = AppDelegate.swift; sourceTree = "<group>"; };
		DEACA9402AF02F0700EC7CEE /* SceneDelegate.swift */ = {isa = PBXFileReference; lastKnownFileType = sourcecode.swift; path = SceneDelegate.swift; sourceTree = "<group>"; };
		DEACA9422AF02F0700EC7CEE /* HomeViewController.swift */ = {isa = PBXFileReference; lastKnownFileType = sourcecode.swift; path = HomeViewController.swift; sourceTree = "<group>"; };
		DEACA9472AF02F0A00EC7CEE /* Assets.xcassets */ = {isa = PBXFileReference; lastKnownFileType = folder.assetcatalog; path = Assets.xcassets; sourceTree = "<group>"; };
		DEACA94A2AF02F0A00EC7CEE /* Base */ = {isa = PBXFileReference; lastKnownFileType = file.storyboard; name = Base; path = Base.lproj/LaunchScreen.storyboard; sourceTree = "<group>"; };
		DEACA94C2AF02F0A00EC7CEE /* Info.plist */ = {isa = PBXFileReference; lastKnownFileType = text.plist.xml; path = Info.plist; sourceTree = "<group>"; };
		DEACA9512AF02F0B00EC7CEE /* Team9_MAPD714_Project-Milestone2Tests.xctest */ = {isa = PBXFileReference; explicitFileType = wrapper.cfbundle; includeInIndex = 0; path = "Team9_MAPD714_Project-Milestone2Tests.xctest"; sourceTree = BUILT_PRODUCTS_DIR; };
		DEACA9552AF02F0B00EC7CEE /* Team9_MAPD714_Project_Milestone2Tests.swift */ = {isa = PBXFileReference; lastKnownFileType = sourcecode.swift; path = Team9_MAPD714_Project_Milestone2Tests.swift; sourceTree = "<group>"; };
		DEACA95B2AF02F0B00EC7CEE /* Team9_MAPD714_Project-Milestone2UITests.xctest */ = {isa = PBXFileReference; explicitFileType = wrapper.cfbundle; includeInIndex = 0; path = "Team9_MAPD714_Project-Milestone2UITests.xctest"; sourceTree = BUILT_PRODUCTS_DIR; };
		DEACA95F2AF02F0B00EC7CEE /* Team9_MAPD714_Project_Milestone2UITests.swift */ = {isa = PBXFileReference; lastKnownFileType = sourcecode.swift; path = Team9_MAPD714_Project_Milestone2UITests.swift; sourceTree = "<group>"; };
		DEACA9612AF02F0B00EC7CEE /* Team9_MAPD714_Project_Milestone2UITestsLaunchTests.swift */ = {isa = PBXFileReference; lastKnownFileType = sourcecode.swift; path = Team9_MAPD714_Project_Milestone2UITestsLaunchTests.swift; sourceTree = "<group>"; };
		DEACC7332B1A8BE300FEB963 /* TicketConfirmedView.storyboard */ = {isa = PBXFileReference; lastKnownFileType = file.storyboard; path = TicketConfirmedView.storyboard; sourceTree = "<group>"; };
		DEACC7352B1A8C1F00FEB963 /* TicketConfirmedViewController.swift */ = {isa = PBXFileReference; lastKnownFileType = sourcecode.swift; path = TicketConfirmedViewController.swift; sourceTree = "<group>"; };
		DEACC7372B1A8C7200FEB963 /* TicketItineraryViewCell.swift */ = {isa = PBXFileReference; lastKnownFileType = sourcecode.swift; path = TicketItineraryViewCell.swift; sourceTree = "<group>"; };
		DEACC7392B1A8E8F00FEB963 /* PaymentView.storyboard */ = {isa = PBXFileReference; lastKnownFileType = file.storyboard; path = PaymentView.storyboard; sourceTree = "<group>"; };
		DEB891A12AF09BFD00A3DD0C /* CruiseDetailsViewController.swift */ = {isa = PBXFileReference; lastKnownFileType = sourcecode.swift; path = CruiseDetailsViewController.swift; sourceTree = "<group>"; };
		DEE378EA2B03BE71004CE546 /* Itinerary.swift */ = {isa = PBXFileReference; lastKnownFileType = sourcecode.swift; path = Itinerary.swift; sourceTree = "<group>"; };
/* End PBXFileReference section */

/* Begin PBXFrameworksBuildPhase section */
		DEACA9382AF02F0700EC7CEE /* Frameworks */ = {
			isa = PBXFrameworksBuildPhase;
			buildActionMask = 2147483647;
			files = (
				DE0D79922B12D4BF007F31F8 /* libsqlite3.tbd in Frameworks */,
				DE0D79902B12D4B8007F31F8 /* libsqlite3.0.tbd in Frameworks */,
			);
			runOnlyForDeploymentPostprocessing = 0;
		};
		DEACA94E2AF02F0B00EC7CEE /* Frameworks */ = {
			isa = PBXFrameworksBuildPhase;
			buildActionMask = 2147483647;
			files = (
			);
			runOnlyForDeploymentPostprocessing = 0;
		};
		DEACA9582AF02F0B00EC7CEE /* Frameworks */ = {
			isa = PBXFrameworksBuildPhase;
			buildActionMask = 2147483647;
			files = (
			);
			runOnlyForDeploymentPostprocessing = 0;
		};
/* End PBXFrameworksBuildPhase section */

/* Begin PBXGroup section */
		DE0D798E2B12D4B8007F31F8 /* Frameworks */ = {
			isa = PBXGroup;
			children = (
				DE0D79912B12D4BF007F31F8 /* libsqlite3.tbd */,
				DE0D798F2B12D4B8007F31F8 /* libsqlite3.0.tbd */,
			);
			name = Frameworks;
			sourceTree = "<group>";
		};
		DE13F2E12B181ACF004CF969 /* Storyboards */ = {
			isa = PBXGroup;
			children = (
				DE4478CD2B1723DC00B50199 /* LoginView.storyboard */,
				DE9B5A672B1A78DD00B5B373 /* GuestDetailsView.storyboard */,
				DE3C67312B02EB38006317BA /* Main.storyboard */,
				DE13F2E52B181B4E004CF969 /* CruiseListingView.storyboard */,
				DE4478C32B171FE400B50199 /* ProfilePageView.storyboard */,
				DE4478C92B17207D00B50199 /* SignUpView.storyboard */,
				DE4FA24B2B157CBA00F6AE7E /* CruiseDetailsView.storyboard */,
				DEACC7332B1A8BE300FEB963 /* TicketConfirmedView.storyboard */,
				DEACC7392B1A8E8F00FEB963 /* PaymentView.storyboard */,
			);
			path = Storyboards;
			sourceTree = "<group>";
		};
		DE13F2E42B181B15004CF969 /* View Controllers */ = {
			isa = PBXGroup;
			children = (
				DE4478CB2B1720BE00B50199 /* SignUpViewController.swift */,
				DE4478C52B17201200B50199 /* ProfilePageViewController.swift */,
				DE4478CF2B17240A00B50199 /* LoginViewController.swift */,
				DEACA9422AF02F0700EC7CEE /* HomeViewController.swift */,
				DE13F2E72B181B9E004CF969 /* CruiseListingViewController.swift */,
				DEB891A12AF09BFD00A3DD0C /* CruiseDetailsViewController.swift */,
				DE9B5A692B1A79AD00B5B373 /* GuestDetailsViewController.swift */,
				DEACC7352B1A8C1F00FEB963 /* TicketConfirmedViewController.swift */,
				DE3C67272B02CCF3006317BA /* PaymentViewController.swift */,
			);
			path = "View Controllers";
			sourceTree = "<group>";
		};
		DE13F2E92B181D88004CF969 /* Custom Classes */ = {
			isa = PBXGroup;
			children = (
				DE7556EA2B1AB78B00F89469 /* Tables */,
				DEE378EA2B03BE71004CE546 /* Itinerary.swift */,
				DE13F2ED2B181DFC004CF969 /* Cruise.swift */,
				DE13F2F82B182F5E004CF969 /* DatePickerView.swift */,
				DE13F2FA2B184FFA004CF969 /* User.swift */,
				DE9B5A6B2B1A7ACB00B5B373 /* BookingDetails.swift */,
			);
			path = "Custom Classes";
			sourceTree = "<group>";
		};
		DE13F2F12B18223C004CF969 /* Database */ = {
			isa = PBXGroup;
			children = (
				DE0D798C2B12D493007F31F8 /* DatabaseManager.swift */,
				DE13F2F22B182472004CF969 /* DatabaseTables.swift */,
				DE13F2F42B1824FB004CF969 /* DatabaseTablesPrepopulation.swift */,
				DE13F2F62B1825A5004CF969 /* DatabaseOperations.swift */,
			);
			path = Database;
			sourceTree = "<group>";
		};
		DE7556EA2B1AB78B00F89469 /* Tables */ = {
			isa = PBXGroup;
			children = (
				DEACC7372B1A8C7200FEB963 /* TicketItineraryViewCell.swift */,
				DE4FA2492B1542C800F6AE7E /* CruiseDetailsItineraryCell.swift */,
				DE13F2EA2B181DA3004CF969 /* CruiseTableViewCell.swift */,
				DE9B5A6D2B1A7EFD00B5B373 /* GuestDetailsViewCell.swift */,
			);
			path = Tables;
			sourceTree = "<group>";
		};
		DEACA9322AF02F0700EC7CEE = {
			isa = PBXGroup;
			children = (
				DEACA93D2AF02F0700EC7CEE /* Team9_MAPD714_Project-Milestone2 */,
				DEACA9542AF02F0B00EC7CEE /* Team9_MAPD714_Project-Milestone2Tests */,
				DEACA95E2AF02F0B00EC7CEE /* Team9_MAPD714_Project-Milestone2UITests */,
				DEACA93C2AF02F0700EC7CEE /* Products */,
				DE0D798E2B12D4B8007F31F8 /* Frameworks */,
			);
			sourceTree = "<group>";
		};
		DEACA93C2AF02F0700EC7CEE /* Products */ = {
			isa = PBXGroup;
			children = (
				DEACA93B2AF02F0700EC7CEE /* Team9_MAPD714_Project-Milestone2.app */,
				DEACA9512AF02F0B00EC7CEE /* Team9_MAPD714_Project-Milestone2Tests.xctest */,
				DEACA95B2AF02F0B00EC7CEE /* Team9_MAPD714_Project-Milestone2UITests.xctest */,
			);
			name = Products;
			sourceTree = "<group>";
		};
		DEACA93D2AF02F0700EC7CEE /* Team9_MAPD714_Project-Milestone2 */ = {
			isa = PBXGroup;
			children = (
				DEACA93E2AF02F0700EC7CEE /* AppDelegate.swift */,
				DEACA9402AF02F0700EC7CEE /* SceneDelegate.swift */,
				DE13F2E42B181B15004CF969 /* View Controllers */,
				DE13F2E12B181ACF004CF969 /* Storyboards */,
				DE13F2E92B181D88004CF969 /* Custom Classes */,
				DE13F2F12B18223C004CF969 /* Database */,
				DEACA9472AF02F0A00EC7CEE /* Assets.xcassets */,
				DEACA9492AF02F0A00EC7CEE /* LaunchScreen.storyboard */,
				DEACA94C2AF02F0A00EC7CEE /* Info.plist */,
			);
			path = "Team9_MAPD714_Project-Milestone2";
			sourceTree = "<group>";
		};
		DEACA9542AF02F0B00EC7CEE /* Team9_MAPD714_Project-Milestone2Tests */ = {
			isa = PBXGroup;
			children = (
				DEACA9552AF02F0B00EC7CEE /* Team9_MAPD714_Project_Milestone2Tests.swift */,
			);
			path = "Team9_MAPD714_Project-Milestone2Tests";
			sourceTree = "<group>";
		};
		DEACA95E2AF02F0B00EC7CEE /* Team9_MAPD714_Project-Milestone2UITests */ = {
			isa = PBXGroup;
			children = (
				DEACA95F2AF02F0B00EC7CEE /* Team9_MAPD714_Project_Milestone2UITests.swift */,
				DEACA9612AF02F0B00EC7CEE /* Team9_MAPD714_Project_Milestone2UITestsLaunchTests.swift */,
			);
			path = "Team9_MAPD714_Project-Milestone2UITests";
			sourceTree = "<group>";
		};
/* End PBXGroup section */

/* Begin PBXNativeTarget section */
		DEACA93A2AF02F0700EC7CEE /* Team9_MAPD714_Project-Milestone2 */ = {
			isa = PBXNativeTarget;
			buildConfigurationList = DEACA9652AF02F0B00EC7CEE /* Build configuration list for PBXNativeTarget "Team9_MAPD714_Project-Milestone2" */;
			buildPhases = (
				DEACA9372AF02F0700EC7CEE /* Sources */,
				DEACA9382AF02F0700EC7CEE /* Frameworks */,
				DEACA9392AF02F0700EC7CEE /* Resources */,
			);
			buildRules = (
			);
			dependencies = (
			);
			name = "Team9_MAPD714_Project-Milestone2";
			productName = "Team9_MAPD714_Project-Milestone2";
			productReference = DEACA93B2AF02F0700EC7CEE /* Team9_MAPD714_Project-Milestone2.app */;
			productType = "com.apple.product-type.application";
		};
		DEACA9502AF02F0B00EC7CEE /* Team9_MAPD714_Project-Milestone2Tests */ = {
			isa = PBXNativeTarget;
			buildConfigurationList = DEACA9682AF02F0B00EC7CEE /* Build configuration list for PBXNativeTarget "Team9_MAPD714_Project-Milestone2Tests" */;
			buildPhases = (
				DEACA94D2AF02F0B00EC7CEE /* Sources */,
				DEACA94E2AF02F0B00EC7CEE /* Frameworks */,
				DEACA94F2AF02F0B00EC7CEE /* Resources */,
			);
			buildRules = (
			);
			dependencies = (
				DEACA9532AF02F0B00EC7CEE /* PBXTargetDependency */,
			);
			name = "Team9_MAPD714_Project-Milestone2Tests";
			productName = "Team9_MAPD714_Project-Milestone2Tests";
			productReference = DEACA9512AF02F0B00EC7CEE /* Team9_MAPD714_Project-Milestone2Tests.xctest */;
			productType = "com.apple.product-type.bundle.unit-test";
		};
		DEACA95A2AF02F0B00EC7CEE /* Team9_MAPD714_Project-Milestone2UITests */ = {
			isa = PBXNativeTarget;
			buildConfigurationList = DEACA96B2AF02F0B00EC7CEE /* Build configuration list for PBXNativeTarget "Team9_MAPD714_Project-Milestone2UITests" */;
			buildPhases = (
				DEACA9572AF02F0B00EC7CEE /* Sources */,
				DEACA9582AF02F0B00EC7CEE /* Frameworks */,
				DEACA9592AF02F0B00EC7CEE /* Resources */,
			);
			buildRules = (
			);
			dependencies = (
				DEACA95D2AF02F0B00EC7CEE /* PBXTargetDependency */,
			);
			name = "Team9_MAPD714_Project-Milestone2UITests";
			productName = "Team9_MAPD714_Project-Milestone2UITests";
			productReference = DEACA95B2AF02F0B00EC7CEE /* Team9_MAPD714_Project-Milestone2UITests.xctest */;
			productType = "com.apple.product-type.bundle.ui-testing";
		};
/* End PBXNativeTarget section */

/* Begin PBXProject section */
		DEACA9332AF02F0700EC7CEE /* Project object */ = {
			isa = PBXProject;
			attributes = {
				BuildIndependentTargetsInParallel = 1;
				LastSwiftUpdateCheck = 1500;
				LastUpgradeCheck = 1500;
				TargetAttributes = {
					DEACA93A2AF02F0700EC7CEE = {
						CreatedOnToolsVersion = 15.0;
					};
					DEACA9502AF02F0B00EC7CEE = {
						CreatedOnToolsVersion = 15.0;
						TestTargetID = DEACA93A2AF02F0700EC7CEE;
					};
					DEACA95A2AF02F0B00EC7CEE = {
						CreatedOnToolsVersion = 15.0;
						TestTargetID = DEACA93A2AF02F0700EC7CEE;
					};
				};
			};
			buildConfigurationList = DEACA9362AF02F0700EC7CEE /* Build configuration list for PBXProject "Team9_MAPD714_Project-Milestone2" */;
			compatibilityVersion = "Xcode 14.0";
			developmentRegion = en;
			hasScannedForEncodings = 0;
			knownRegions = (
				en,
				Base,
			);
			mainGroup = DEACA9322AF02F0700EC7CEE;
			productRefGroup = DEACA93C2AF02F0700EC7CEE /* Products */;
			projectDirPath = "";
			projectRoot = "";
			targets = (
				DEACA93A2AF02F0700EC7CEE /* Team9_MAPD714_Project-Milestone2 */,
				DEACA9502AF02F0B00EC7CEE /* Team9_MAPD714_Project-Milestone2Tests */,
				DEACA95A2AF02F0B00EC7CEE /* Team9_MAPD714_Project-Milestone2UITests */,
			);
		};
/* End PBXProject section */

/* Begin PBXResourcesBuildPhase section */
		DEACA9392AF02F0700EC7CEE /* Resources */ = {
			isa = PBXResourcesBuildPhase;
			buildActionMask = 2147483647;
			files = (
				DEACA94B2AF02F0A00EC7CEE /* LaunchScreen.storyboard in Resources */,
				DE9B5A682B1A78DD00B5B373 /* GuestDetailsView.storyboard in Resources */,
				DE3C67332B02EB38006317BA /* Main.storyboard in Resources */,
				DE4FA24C2B157CBA00F6AE7E /* CruiseDetailsView.storyboard in Resources */,
				DE13F2E62B181B4E004CF969 /* CruiseListingView.storyboard in Resources */,
				DEACC7342B1A8BE300FEB963 /* TicketConfirmedView.storyboard in Resources */,
				DE4478CA2B17207D00B50199 /* SignUpView.storyboard in Resources */,
				DE4478C42B171FE400B50199 /* ProfilePageView.storyboard in Resources */,
				DEACA9482AF02F0A00EC7CEE /* Assets.xcassets in Resources */,
				DE4478CE2B1723DC00B50199 /* LoginView.storyboard in Resources */,
				DEACC73A2B1A8E8F00FEB963 /* PaymentView.storyboard in Resources */,
			);
			runOnlyForDeploymentPostprocessing = 0;
		};
		DEACA94F2AF02F0B00EC7CEE /* Resources */ = {
			isa = PBXResourcesBuildPhase;
			buildActionMask = 2147483647;
			files = (
			);
			runOnlyForDeploymentPostprocessing = 0;
		};
		DEACA9592AF02F0B00EC7CEE /* Resources */ = {
			isa = PBXResourcesBuildPhase;
			buildActionMask = 2147483647;
			files = (
			);
			runOnlyForDeploymentPostprocessing = 0;
		};
/* End PBXResourcesBuildPhase section */

/* Begin PBXSourcesBuildPhase section */
		DEACA9372AF02F0700EC7CEE /* Sources */ = {
			isa = PBXSourcesBuildPhase;
			buildActionMask = 2147483647;
			files = (
				DE4478D02B17240A00B50199 /* LoginViewController.swift in Sources */,
				DE13F2EB2B181DA3004CF969 /* CruiseTableViewCell.swift in Sources */,
				DE0D798D2B12D493007F31F8 /* DatabaseManager.swift in Sources */,
				DE9B5A6C2B1A7ACB00B5B373 /* BookingDetails.swift in Sources */,
				DE13F2EE2B181DFC004CF969 /* Cruise.swift in Sources */,
				DE4478C62B17201200B50199 /* ProfilePageViewController.swift in Sources */,
				DEACC7382B1A8C7200FEB963 /* TicketItineraryViewCell.swift in Sources */,
				DE9B5A6E2B1A7EFD00B5B373 /* GuestDetailsViewCell.swift in Sources */,
				DE4478CC2B1720BE00B50199 /* SignUpViewController.swift in Sources */,
				DE13F2F72B1825A5004CF969 /* DatabaseOperations.swift in Sources */,
				DE9B5A6A2B1A79AD00B5B373 /* GuestDetailsViewController.swift in Sources */,
				DE3C67282B02CCF4006317BA /* PaymentViewController.swift in Sources */,
				DE13F2E82B181B9E004CF969 /* CruiseListingViewController.swift in Sources */,
				DEACC7362B1A8C1F00FEB963 /* TicketConfirmedViewController.swift in Sources */,
				DE4FA24A2B1542C800F6AE7E /* CruiseDetailsItineraryCell.swift in Sources */,
				DEE378EB2B03BE71004CE546 /* Itinerary.swift in Sources */,
				DEACA9432AF02F0700EC7CEE /* HomeViewController.swift in Sources */,
				DE13F2F92B182F5E004CF969 /* DatePickerView.swift in Sources */,
				DE13F2F52B1824FB004CF969 /* DatabaseTablesPrepopulation.swift in Sources */,
				DEACA93F2AF02F0700EC7CEE /* AppDelegate.swift in Sources */,
				DE13F2F32B182472004CF969 /* DatabaseTables.swift in Sources */,
				DEB891A22AF09BFD00A3DD0C /* CruiseDetailsViewController.swift in Sources */,
				DEACA9412AF02F0700EC7CEE /* SceneDelegate.swift in Sources */,
				DE13F2FB2B184FFA004CF969 /* User.swift in Sources */,
			);
			runOnlyForDeploymentPostprocessing = 0;
		};
		DEACA94D2AF02F0B00EC7CEE /* Sources */ = {
			isa = PBXSourcesBuildPhase;
			buildActionMask = 2147483647;
			files = (
				DEACA9562AF02F0B00EC7CEE /* Team9_MAPD714_Project_Milestone2Tests.swift in Sources */,
			);
			runOnlyForDeploymentPostprocessing = 0;
		};
		DEACA9572AF02F0B00EC7CEE /* Sources */ = {
			isa = PBXSourcesBuildPhase;
			buildActionMask = 2147483647;
			files = (
				DEACA9622AF02F0B00EC7CEE /* Team9_MAPD714_Project_Milestone2UITestsLaunchTests.swift in Sources */,
				DEACA9602AF02F0B00EC7CEE /* Team9_MAPD714_Project_Milestone2UITests.swift in Sources */,
			);
			runOnlyForDeploymentPostprocessing = 0;
		};
/* End PBXSourcesBuildPhase section */

/* Begin PBXTargetDependency section */
		DEACA9532AF02F0B00EC7CEE /* PBXTargetDependency */ = {
			isa = PBXTargetDependency;
			target = DEACA93A2AF02F0700EC7CEE /* Team9_MAPD714_Project-Milestone2 */;
			targetProxy = DEACA9522AF02F0B00EC7CEE /* PBXContainerItemProxy */;
		};
		DEACA95D2AF02F0B00EC7CEE /* PBXTargetDependency */ = {
			isa = PBXTargetDependency;
			target = DEACA93A2AF02F0700EC7CEE /* Team9_MAPD714_Project-Milestone2 */;
			targetProxy = DEACA95C2AF02F0B00EC7CEE /* PBXContainerItemProxy */;
		};
/* End PBXTargetDependency section */

/* Begin PBXVariantGroup section */
		DE3C67312B02EB38006317BA /* Main.storyboard */ = {
			isa = PBXVariantGroup;
			children = (
				DE3C67322B02EB38006317BA /* Base */,
			);
			name = Main.storyboard;
			sourceTree = "<group>";
		};
		DEACA9492AF02F0A00EC7CEE /* LaunchScreen.storyboard */ = {
			isa = PBXVariantGroup;
			children = (
				DEACA94A2AF02F0A00EC7CEE /* Base */,
			);
			name = LaunchScreen.storyboard;
			sourceTree = "<group>";
		};
/* End PBXVariantGroup section */

/* Begin XCBuildConfiguration section */
		DEACA9632AF02F0B00EC7CEE /* Debug */ = {
			isa = XCBuildConfiguration;
			buildSettings = {
				ALWAYS_SEARCH_USER_PATHS = NO;
				ASSETCATALOG_COMPILER_GENERATE_SWIFT_ASSET_SYMBOL_EXTENSIONS = YES;
				CLANG_ANALYZER_NONNULL = YES;
				CLANG_ANALYZER_NUMBER_OBJECT_CONVERSION = YES_AGGRESSIVE;
				CLANG_CXX_LANGUAGE_STANDARD = "gnu++20";
				CLANG_ENABLE_MODULES = YES;
				CLANG_ENABLE_OBJC_ARC = YES;
				CLANG_ENABLE_OBJC_WEAK = YES;
				CLANG_WARN_BLOCK_CAPTURE_AUTORELEASING = YES;
				CLANG_WARN_BOOL_CONVERSION = YES;
				CLANG_WARN_COMMA = YES;
				CLANG_WARN_CONSTANT_CONVERSION = YES;
				CLANG_WARN_DEPRECATED_OBJC_IMPLEMENTATIONS = YES;
				CLANG_WARN_DIRECT_OBJC_ISA_USAGE = YES_ERROR;
				CLANG_WARN_DOCUMENTATION_COMMENTS = YES;
				CLANG_WARN_EMPTY_BODY = YES;
				CLANG_WARN_ENUM_CONVERSION = YES;
				CLANG_WARN_INFINITE_RECURSION = YES;
				CLANG_WARN_INT_CONVERSION = YES;
				CLANG_WARN_NON_LITERAL_NULL_CONVERSION = YES;
				CLANG_WARN_OBJC_IMPLICIT_RETAIN_SELF = YES;
				CLANG_WARN_OBJC_LITERAL_CONVERSION = YES;
				CLANG_WARN_OBJC_ROOT_CLASS = YES_ERROR;
				CLANG_WARN_QUOTED_INCLUDE_IN_FRAMEWORK_HEADER = YES;
				CLANG_WARN_RANGE_LOOP_ANALYSIS = YES;
				CLANG_WARN_STRICT_PROTOTYPES = YES;
				CLANG_WARN_SUSPICIOUS_MOVE = YES;
				CLANG_WARN_UNGUARDED_AVAILABILITY = YES_AGGRESSIVE;
				CLANG_WARN_UNREACHABLE_CODE = YES;
				CLANG_WARN__DUPLICATE_METHOD_MATCH = YES;
				COPY_PHASE_STRIP = NO;
				DEBUG_INFORMATION_FORMAT = dwarf;
				ENABLE_STRICT_OBJC_MSGSEND = YES;
				ENABLE_TESTABILITY = YES;
				ENABLE_USER_SCRIPT_SANDBOXING = YES;
				GCC_C_LANGUAGE_STANDARD = gnu17;
				GCC_DYNAMIC_NO_PIC = NO;
				GCC_NO_COMMON_BLOCKS = YES;
				GCC_OPTIMIZATION_LEVEL = 0;
				GCC_PREPROCESSOR_DEFINITIONS = (
					"DEBUG=1",
					"$(inherited)",
				);
				GCC_WARN_64_TO_32_BIT_CONVERSION = YES;
				GCC_WARN_ABOUT_RETURN_TYPE = YES_ERROR;
				GCC_WARN_UNDECLARED_SELECTOR = YES;
				GCC_WARN_UNINITIALIZED_AUTOS = YES_AGGRESSIVE;
				GCC_WARN_UNUSED_FUNCTION = YES;
				GCC_WARN_UNUSED_VARIABLE = YES;
				IPHONEOS_DEPLOYMENT_TARGET = 17.0;
				LOCALIZATION_PREFERS_STRING_CATALOGS = YES;
				MTL_ENABLE_DEBUG_INFO = INCLUDE_SOURCE;
				MTL_FAST_MATH = YES;
				ONLY_ACTIVE_ARCH = YES;
				SDKROOT = iphoneos;
				SWIFT_ACTIVE_COMPILATION_CONDITIONS = "DEBUG $(inherited)";
				SWIFT_OPTIMIZATION_LEVEL = "-Onone";
			};
			name = Debug;
		};
		DEACA9642AF02F0B00EC7CEE /* Release */ = {
			isa = XCBuildConfiguration;
			buildSettings = {
				ALWAYS_SEARCH_USER_PATHS = NO;
				ASSETCATALOG_COMPILER_GENERATE_SWIFT_ASSET_SYMBOL_EXTENSIONS = YES;
				CLANG_ANALYZER_NONNULL = YES;
				CLANG_ANALYZER_NUMBER_OBJECT_CONVERSION = YES_AGGRESSIVE;
				CLANG_CXX_LANGUAGE_STANDARD = "gnu++20";
				CLANG_ENABLE_MODULES = YES;
				CLANG_ENABLE_OBJC_ARC = YES;
				CLANG_ENABLE_OBJC_WEAK = YES;
				CLANG_WARN_BLOCK_CAPTURE_AUTORELEASING = YES;
				CLANG_WARN_BOOL_CONVERSION = YES;
				CLANG_WARN_COMMA = YES;
				CLANG_WARN_CONSTANT_CONVERSION = YES;
				CLANG_WARN_DEPRECATED_OBJC_IMPLEMENTATIONS = YES;
				CLANG_WARN_DIRECT_OBJC_ISA_USAGE = YES_ERROR;
				CLANG_WARN_DOCUMENTATION_COMMENTS = YES;
				CLANG_WARN_EMPTY_BODY = YES;
				CLANG_WARN_ENUM_CONVERSION = YES;
				CLANG_WARN_INFINITE_RECURSION = YES;
				CLANG_WARN_INT_CONVERSION = YES;
				CLANG_WARN_NON_LITERAL_NULL_CONVERSION = YES;
				CLANG_WARN_OBJC_IMPLICIT_RETAIN_SELF = YES;
				CLANG_WARN_OBJC_LITERAL_CONVERSION = YES;
				CLANG_WARN_OBJC_ROOT_CLASS = YES_ERROR;
				CLANG_WARN_QUOTED_INCLUDE_IN_FRAMEWORK_HEADER = YES;
				CLANG_WARN_RANGE_LOOP_ANALYSIS = YES;
				CLANG_WARN_STRICT_PROTOTYPES = YES;
				CLANG_WARN_SUSPICIOUS_MOVE = YES;
				CLANG_WARN_UNGUARDED_AVAILABILITY = YES_AGGRESSIVE;
				CLANG_WARN_UNREACHABLE_CODE = YES;
				CLANG_WARN__DUPLICATE_METHOD_MATCH = YES;
				COPY_PHASE_STRIP = NO;
				DEBUG_INFORMATION_FORMAT = "dwarf-with-dsym";
				ENABLE_NS_ASSERTIONS = NO;
				ENABLE_STRICT_OBJC_MSGSEND = YES;
				ENABLE_USER_SCRIPT_SANDBOXING = YES;
				GCC_C_LANGUAGE_STANDARD = gnu17;
				GCC_NO_COMMON_BLOCKS = YES;
				GCC_WARN_64_TO_32_BIT_CONVERSION = YES;
				GCC_WARN_ABOUT_RETURN_TYPE = YES_ERROR;
				GCC_WARN_UNDECLARED_SELECTOR = YES;
				GCC_WARN_UNINITIALIZED_AUTOS = YES_AGGRESSIVE;
				GCC_WARN_UNUSED_FUNCTION = YES;
				GCC_WARN_UNUSED_VARIABLE = YES;
				IPHONEOS_DEPLOYMENT_TARGET = 17.0;
				LOCALIZATION_PREFERS_STRING_CATALOGS = YES;
				MTL_ENABLE_DEBUG_INFO = NO;
				MTL_FAST_MATH = YES;
				SDKROOT = iphoneos;
				SWIFT_COMPILATION_MODE = wholemodule;
				VALIDATE_PRODUCT = YES;
			};
			name = Release;
		};
		DEACA9662AF02F0B00EC7CEE /* Debug */ = {
			isa = XCBuildConfiguration;
			buildSettings = {
				ASSETCATALOG_COMPILER_APPICON_NAME = AppIcon;
				ASSETCATALOG_COMPILER_GLOBAL_ACCENT_COLOR_NAME = AccentColor;
				CODE_SIGN_STYLE = Automatic;
				CURRENT_PROJECT_VERSION = 1;
				DEVELOPMENT_TEAM = GMQ893K74F;
				GENERATE_INFOPLIST_FILE = YES;
				INFOPLIST_FILE = "Team9_MAPD714_Project-Milestone2/Info.plist";
				INFOPLIST_KEY_UIApplicationSupportsIndirectInputEvents = YES;
				INFOPLIST_KEY_UILaunchStoryboardName = LaunchScreen;
				INFOPLIST_KEY_UIMainStoryboardFile = Main;
				INFOPLIST_KEY_UISupportedInterfaceOrientations_iPad = "UIInterfaceOrientationPortrait UIInterfaceOrientationPortraitUpsideDown UIInterfaceOrientationLandscapeLeft UIInterfaceOrientationLandscapeRight";
				INFOPLIST_KEY_UISupportedInterfaceOrientations_iPhone = "UIInterfaceOrientationPortrait UIInterfaceOrientationLandscapeLeft UIInterfaceOrientationLandscapeRight";
				IPHONEOS_DEPLOYMENT_TARGET = 15.0;
				LD_RUNPATH_SEARCH_PATHS = (
					"$(inherited)",
					"@executable_path/Frameworks",
				);
				MARKETING_VERSION = 1.0;
				PRODUCT_BUNDLE_IDENTIFIER = "shubhu1026.Team9-MAPD714-Project-Milestone2";
				PRODUCT_NAME = "$(TARGET_NAME)";
				SWIFT_EMIT_LOC_STRINGS = YES;
				SWIFT_VERSION = 5.0;
				TARGETED_DEVICE_FAMILY = "1,2";
			};
			name = Debug;
		};
		DEACA9672AF02F0B00EC7CEE /* Release */ = {
			isa = XCBuildConfiguration;
			buildSettings = {
				ASSETCATALOG_COMPILER_APPICON_NAME = AppIcon;
				ASSETCATALOG_COMPILER_GLOBAL_ACCENT_COLOR_NAME = AccentColor;
				CODE_SIGN_STYLE = Automatic;
				CURRENT_PROJECT_VERSION = 1;
				DEVELOPMENT_TEAM = GMQ893K74F;
				GENERATE_INFOPLIST_FILE = YES;
				INFOPLIST_FILE = "Team9_MAPD714_Project-Milestone2/Info.plist";
				INFOPLIST_KEY_UIApplicationSupportsIndirectInputEvents = YES;
				INFOPLIST_KEY_UILaunchStoryboardName = LaunchScreen;
				INFOPLIST_KEY_UIMainStoryboardFile = Main;
				INFOPLIST_KEY_UISupportedInterfaceOrientations_iPad = "UIInterfaceOrientationPortrait UIInterfaceOrientationPortraitUpsideDown UIInterfaceOrientationLandscapeLeft UIInterfaceOrientationLandscapeRight";
				INFOPLIST_KEY_UISupportedInterfaceOrientations_iPhone = "UIInterfaceOrientationPortrait UIInterfaceOrientationLandscapeLeft UIInterfaceOrientationLandscapeRight";
				IPHONEOS_DEPLOYMENT_TARGET = 15.0;
				LD_RUNPATH_SEARCH_PATHS = (
					"$(inherited)",
					"@executable_path/Frameworks",
				);
				MARKETING_VERSION = 1.0;
				PRODUCT_BUNDLE_IDENTIFIER = "shubhu1026.Team9-MAPD714-Project-Milestone2";
				PRODUCT_NAME = "$(TARGET_NAME)";
				SWIFT_EMIT_LOC_STRINGS = YES;
				SWIFT_VERSION = 5.0;
				TARGETED_DEVICE_FAMILY = "1,2";
			};
			name = Release;
		};
		DEACA9692AF02F0B00EC7CEE /* Debug */ = {
			isa = XCBuildConfiguration;
			buildSettings = {
				ALWAYS_EMBED_SWIFT_STANDARD_LIBRARIES = YES;
				BUNDLE_LOADER = "$(TEST_HOST)";
				CODE_SIGN_STYLE = Automatic;
				CURRENT_PROJECT_VERSION = 1;
				DEVELOPMENT_TEAM = GMQ893K74F;
				GENERATE_INFOPLIST_FILE = YES;
				IPHONEOS_DEPLOYMENT_TARGET = 17.0;
				MARKETING_VERSION = 1.0;
				PRODUCT_BUNDLE_IDENTIFIER = "shubhu1026.Team9-MAPD714-Project-Milestone2Tests";
				PRODUCT_NAME = "$(TARGET_NAME)";
				SWIFT_EMIT_LOC_STRINGS = NO;
				SWIFT_VERSION = 5.0;
				TARGETED_DEVICE_FAMILY = "1,2";
				TEST_HOST = "$(BUILT_PRODUCTS_DIR)/Team9_MAPD714_Project-Milestone2.app/$(BUNDLE_EXECUTABLE_FOLDER_PATH)/Team9_MAPD714_Project-Milestone2";
			};
			name = Debug;
		};
		DEACA96A2AF02F0B00EC7CEE /* Release */ = {
			isa = XCBuildConfiguration;
			buildSettings = {
				ALWAYS_EMBED_SWIFT_STANDARD_LIBRARIES = YES;
				BUNDLE_LOADER = "$(TEST_HOST)";
				CODE_SIGN_STYLE = Automatic;
				CURRENT_PROJECT_VERSION = 1;
				DEVELOPMENT_TEAM = GMQ893K74F;
				GENERATE_INFOPLIST_FILE = YES;
				IPHONEOS_DEPLOYMENT_TARGET = 17.0;
				MARKETING_VERSION = 1.0;
				PRODUCT_BUNDLE_IDENTIFIER = "shubhu1026.Team9-MAPD714-Project-Milestone2Tests";
				PRODUCT_NAME = "$(TARGET_NAME)";
				SWIFT_EMIT_LOC_STRINGS = NO;
				SWIFT_VERSION = 5.0;
				TARGETED_DEVICE_FAMILY = "1,2";
				TEST_HOST = "$(BUILT_PRODUCTS_DIR)/Team9_MAPD714_Project-Milestone2.app/$(BUNDLE_EXECUTABLE_FOLDER_PATH)/Team9_MAPD714_Project-Milestone2";
			};
			name = Release;
		};
		DEACA96C2AF02F0B00EC7CEE /* Debug */ = {
			isa = XCBuildConfiguration;
			buildSettings = {
				ALWAYS_EMBED_SWIFT_STANDARD_LIBRARIES = YES;
				CODE_SIGN_STYLE = Automatic;
				CURRENT_PROJECT_VERSION = 1;
				DEVELOPMENT_TEAM = GMQ893K74F;
				GENERATE_INFOPLIST_FILE = YES;
				MARKETING_VERSION = 1.0;
				PRODUCT_BUNDLE_IDENTIFIER = "shubhu1026.Team9-MAPD714-Project-Milestone2UITests";
				PRODUCT_NAME = "$(TARGET_NAME)";
				SWIFT_EMIT_LOC_STRINGS = NO;
				SWIFT_VERSION = 5.0;
				TARGETED_DEVICE_FAMILY = "1,2";
				TEST_TARGET_NAME = "Team9_MAPD714_Project-Milestone2";
			};
			name = Debug;
		};
		DEACA96D2AF02F0B00EC7CEE /* Release */ = {
			isa = XCBuildConfiguration;
			buildSettings = {
				ALWAYS_EMBED_SWIFT_STANDARD_LIBRARIES = YES;
				CODE_SIGN_STYLE = Automatic;
				CURRENT_PROJECT_VERSION = 1;
				DEVELOPMENT_TEAM = GMQ893K74F;
				GENERATE_INFOPLIST_FILE = YES;
				MARKETING_VERSION = 1.0;
				PRODUCT_BUNDLE_IDENTIFIER = "shubhu1026.Team9-MAPD714-Project-Milestone2UITests";
				PRODUCT_NAME = "$(TARGET_NAME)";
				SWIFT_EMIT_LOC_STRINGS = NO;
				SWIFT_VERSION = 5.0;
				TARGETED_DEVICE_FAMILY = "1,2";
				TEST_TARGET_NAME = "Team9_MAPD714_Project-Milestone2";
			};
			name = Release;
		};
/* End XCBuildConfiguration section */

/* Begin XCConfigurationList section */
		DEACA9362AF02F0700EC7CEE /* Build configuration list for PBXProject "Team9_MAPD714_Project-Milestone2" */ = {
			isa = XCConfigurationList;
			buildConfigurations = (
				DEACA9632AF02F0B00EC7CEE /* Debug */,
				DEACA9642AF02F0B00EC7CEE /* Release */,
			);
			defaultConfigurationIsVisible = 0;
			defaultConfigurationName = Release;
		};
		DEACA9652AF02F0B00EC7CEE /* Build configuration list for PBXNativeTarget "Team9_MAPD714_Project-Milestone2" */ = {
			isa = XCConfigurationList;
			buildConfigurations = (
				DEACA9662AF02F0B00EC7CEE /* Debug */,
				DEACA9672AF02F0B00EC7CEE /* Release */,
			);
			defaultConfigurationIsVisible = 0;
			defaultConfigurationName = Release;
		};
		DEACA9682AF02F0B00EC7CEE /* Build configuration list for PBXNativeTarget "Team9_MAPD714_Project-Milestone2Tests" */ = {
			isa = XCConfigurationList;
			buildConfigurations = (
				DEACA9692AF02F0B00EC7CEE /* Debug */,
				DEACA96A2AF02F0B00EC7CEE /* Release */,
			);
			defaultConfigurationIsVisible = 0;
			defaultConfigurationName = Release;
		};
		DEACA96B2AF02F0B00EC7CEE /* Build configuration list for PBXNativeTarget "Team9_MAPD714_Project-Milestone2UITests" */ = {
			isa = XCConfigurationList;
			buildConfigurations = (
				DEACA96C2AF02F0B00EC7CEE /* Debug */,
				DEACA96D2AF02F0B00EC7CEE /* Release */,
			);
			defaultConfigurationIsVisible = 0;
			defaultConfigurationName = Release;
		};
/* End XCConfigurationList section */
	};
	rootObject = DEACA9332AF02F0700EC7CEE /* Project object */;
}
